
Microsoft Visual Studio Solution File, Format Version 12.00
# Visual Studio Version 17
VisualStudioVersion = 17.0.32112.339
MinimumVisualStudioVersion = 10.0.40219.1
Project("{9A19103F-16F7-4668-BE54-9A1E7A4F7556}") = "Debugger", "lab4\Debugger.csproj", "{5B58D582-93AD-42C0-A837-BC8039BDC9A5}"
EndProject
Project("{9A19103F-16F7-4668-BE54-9A1E7A4F7556}") = "ApplicationLicense", "ApplicationLicense\ApplicationLicense.csproj", "{4DB7A670-18E1-417D-BF2C-52D4ED29A390}"
EndProject
Global
	GlobalSection(SolutionConfigurationPlatforms) = preSolution
		Debug|Any CPU = Debug|Any CPU
		Release|Any CPU = Release|Any CPU
	EndGlobalSection
	GlobalSection(ProjectConfigurationPlatforms) = postSolution
		{5B58D582-93AD-42C0-A837-BC8039BDC9A5}.Debug|Any CPU.ActiveCfg = Debug|Any CPU
		{5B58D582-93AD-42C0-A837-BC8039BDC9A5}.Debug|Any CPU.Build.0 = Debug|Any CPU
		{5B58D582-93AD-42C0-A837-BC8039BDC9A5}.Release|Any CPU.ActiveCfg = Release|Any CPU
		{5B58D582-93AD-42C0-A837-BC8039BDC9A5}.Release|Any CPU.Build.0 = Release|Any CPU
		{4DB7A670-18E1-417D-BF2C-52D4ED29A390}.Debug|Any CPU.ActiveCfg = Debug|Any CPU
		{4DB7A670-18E1-417D-BF2C-52D4ED29A390}.Debug|Any CPU.Build.0 = Debug|Any CPU
		{4DB7A670-18E1-417D-BF2C-52D4ED29A390}.Release|Any CPU.ActiveCfg = Release|Any CPU
		{4DB7A670-18E1-417D-BF2C-52D4ED29A390}.Release|Any CPU.Build.0 = Release|Any CPU
	EndGlobalSection
	GlobalSection(SolutionProperties) = preSolution
		HideSolutionNode = FALSE
	EndGlobalSection
	GlobalSection(ExtensibilityGlobals) = postSolution
		SolutionGuid = {50514EF9-5311-4BC3-98F8-900FE0943444}
	EndGlobalSection
EndGlobal
